
Microsoft Visual Studio Solution File, Format Version 12.00
# Visual Studio 15
VisualStudioVersion = 15.0.27703.2035
MinimumVisualStudioVersion = 10.0.40219.1
Project("{FAE04EC0-301F-11D3-BF4B-00C04F79EFBC}") = "65816Core", "65816Core\65816Core.csproj", "{E7549ABF-12F2-499C-A349-C38FCE79D0C5}"
EndProject
Project("{FAE04EC0-301F-11D3-BF4B-00C04F79EFBC}") = "TestConsole", "TestConsole\TestConsole.csproj", "{F2252C82-E9A8-4EC7-8579-049BB9216C54}"
EndProject
Global
	GlobalSection(SolutionConfigurationPlatforms) = preSolution
		Debug|Any CPU = Debug|Any CPU
		Release|Any CPU = Release|Any CPU
	EndGlobalSection
	GlobalSection(ProjectConfigurationPlatforms) = postSolution
		{E7549ABF-12F2-499C-A349-C38FCE79D0C5}.Debug|Any CPU.ActiveCfg = Debug|Any CPU
		{E7549ABF-12F2-499C-A349-C38FCE79D0C5}.Debug|Any CPU.Build.0 = Debug|Any CPU
		{E7549ABF-12F2-499C-A349-C38FCE79D0C5}.Release|Any CPU.ActiveCfg = Release|Any CPU
		{E7549ABF-12F2-499C-A349-C38FCE79D0C5}.Release|Any CPU.Build.0 = Release|Any CPU
		{F2252C82-E9A8-4EC7-8579-049BB9216C54}.Debug|Any CPU.ActiveCfg = Debug|Any CPU
		{F2252C82-E9A8-4EC7-8579-049BB9216C54}.Debug|Any CPU.Build.0 = Debug|Any CPU
		{F2252C82-E9A8-4EC7-8579-049BB9216C54}.Release|Any CPU.ActiveCfg = Release|Any CPU
		{F2252C82-E9A8-4EC7-8579-049BB9216C54}.Release|Any CPU.Build.0 = Release|Any CPU
	EndGlobalSection
	GlobalSection(SolutionProperties) = preSolution
		HideSolutionNode = FALSE
	EndGlobalSection
	GlobalSection(ExtensibilityGlobals) = postSolution
		SolutionGuid = {281A4AFC-9222-4764-AD52-C205B2F2B672}
	EndGlobalSection
EndGlobal
